
Microsoft Visual Studio Solution File, Format Version 12.00
# Visual Studio Version 16
VisualStudioVersion = 16.0.30717.126
MinimumVisualStudioVersion = 10.0.40219.1
Project("{FAE04EC0-301F-11D3-BF4B-00C04F79EFBC}") = "Domain", "Domain\Domain.csproj", "{CEFBA5C6-02BB-4DC1-B11F-814349D4658C}"
EndProject
Project("{FAE04EC0-301F-11D3-BF4B-00C04F79EFBC}") = "DataAccess", "DataAccess\DataAccess.csproj", "{AF5512FA-DBE0-4736-B1FD-2F6DC23A03AF}"
EndProject
Project("{FAE04EC0-301F-11D3-BF4B-00C04F79EFBC}") = "Presentation", "Presentation\Presentation.csproj", "{02ED0F03-2BE2-401E-971D-451D379C4357}"
EndProject
Project("{54435603-DBB4-11D2-8724-00A0C9A8B90C}") = "Instalador", "Instalador\Instalador.vdproj", "{FBF5B1DA-EC3B-45E8-A93D-C4350FCB6E86}"
EndProject
Global
	GlobalSection(SolutionConfigurationPlatforms) = preSolution
		All|Any CPU = All|Any CPU
		Debug|Any CPU = Debug|Any CPU
		Release|Any CPU = Release|Any CPU
	EndGlobalSection
	GlobalSection(ProjectConfigurationPlatforms) = postSolution
		{CEFBA5C6-02BB-4DC1-B11F-814349D4658C}.All|Any CPU.ActiveCfg = Release|Any CPU
		{CEFBA5C6-02BB-4DC1-B11F-814349D4658C}.All|Any CPU.Build.0 = Release|Any CPU
		{CEFBA5C6-02BB-4DC1-B11F-814349D4658C}.Debug|Any CPU.ActiveCfg = Debug|Any CPU
		{CEFBA5C6-02BB-4DC1-B11F-814349D4658C}.Debug|Any CPU.Build.0 = Debug|Any CPU
		{CEFBA5C6-02BB-4DC1-B11F-814349D4658C}.Release|Any CPU.ActiveCfg = Release|Any CPU
		{CEFBA5C6-02BB-4DC1-B11F-814349D4658C}.Release|Any CPU.Build.0 = Release|Any CPU
		{AF5512FA-DBE0-4736-B1FD-2F6DC23A03AF}.All|Any CPU.ActiveCfg = Release|Any CPU
		{AF5512FA-DBE0-4736-B1FD-2F6DC23A03AF}.All|Any CPU.Build.0 = Release|Any CPU
		{AF5512FA-DBE0-4736-B1FD-2F6DC23A03AF}.Debug|Any CPU.ActiveCfg = Debug|Any CPU
		{AF5512FA-DBE0-4736-B1FD-2F6DC23A03AF}.Debug|Any CPU.Build.0 = Debug|Any CPU
		{AF5512FA-DBE0-4736-B1FD-2F6DC23A03AF}.Release|Any CPU.ActiveCfg = Release|Any CPU
		{AF5512FA-DBE0-4736-B1FD-2F6DC23A03AF}.Release|Any CPU.Build.0 = Release|Any CPU
		{02ED0F03-2BE2-401E-971D-451D379C4357}.All|Any CPU.ActiveCfg = Release|Any CPU
		{02ED0F03-2BE2-401E-971D-451D379C4357}.All|Any CPU.Build.0 = Release|Any CPU
		{02ED0F03-2BE2-401E-971D-451D379C4357}.Debug|Any CPU.ActiveCfg = Debug|Any CPU
		{02ED0F03-2BE2-401E-971D-451D379C4357}.Debug|Any CPU.Build.0 = Debug|Any CPU
		{02ED0F03-2BE2-401E-971D-451D379C4357}.Release|Any CPU.ActiveCfg = Release|Any CPU
		{02ED0F03-2BE2-401E-971D-451D379C4357}.Release|Any CPU.Build.0 = Release|Any CPU
		{FBF5B1DA-EC3B-45E8-A93D-C4350FCB6E86}.All|Any CPU.ActiveCfg = Debug
		{FBF5B1DA-EC3B-45E8-A93D-C4350FCB6E86}.Debug|Any CPU.ActiveCfg = Debug
		{FBF5B1DA-EC3B-45E8-A93D-C4350FCB6E86}.Release|Any CPU.ActiveCfg = Release
	EndGlobalSection
	GlobalSection(SolutionProperties) = preSolution
		HideSolutionNode = FALSE
	EndGlobalSection
	GlobalSection(ExtensibilityGlobals) = postSolution
		SolutionGuid = {D464029F-2D9C-4047-926C-19B5C96D9C1D}
	EndGlobalSection
EndGlobal
